
Microsoft Visual Studio Solution File, Format Version 12.00
# Visual Studio 15
VisualStudioVersion = 15.0.28307.779
MinimumVisualStudioVersion = 10.0.40219.1
Project("{FAE04EC0-301F-11D3-BF4B-00C04F79EFBC}") = "PermissionControlAzureFunctions", "PermissionControlAzureFunctions\PermissionControlAzureFunctions.csproj", "{D86452F1-3205-4DED-B798-8233710CA0FC}"
EndProject
Global
	GlobalSection(SolutionConfigurationPlatforms) = preSolution
		Debug|Any CPU = Debug|Any CPU
		Release|Any CPU = Release|Any CPU
	EndGlobalSection
	GlobalSection(ProjectConfigurationPlatforms) = postSolution
		{D86452F1-3205-4DED-B798-8233710CA0FC}.Debug|Any CPU.ActiveCfg = Debug|Any CPU
		{D86452F1-3205-4DED-B798-8233710CA0FC}.Debug|Any CPU.Build.0 = Debug|Any CPU
		{D86452F1-3205-4DED-B798-8233710CA0FC}.Release|Any CPU.ActiveCfg = Release|Any CPU
		{D86452F1-3205-4DED-B798-8233710CA0FC}.Release|Any CPU.Build.0 = Release|Any CPU
	EndGlobalSection
	GlobalSection(SolutionProperties) = preSolution
		HideSolutionNode = FALSE
	EndGlobalSection
	GlobalSection(ExtensibilityGlobals) = postSolution
		SolutionGuid = {AC8A874C-6811-4BAA-8E25-F2A6EDA2B94C}
	EndGlobalSection
EndGlobal
